
Microsoft Visual Studio Solution File, Format Version 12.00
# Visual Studio Version 16
VisualStudioVersion = 16.0.29215.179
MinimumVisualStudioVersion = 10.0.40219.1
Project("{FAE04EC0-301F-11D3-BF4B-00C04F79EFBC}") = "XGame.Domain", "Domain\XGame.Domain.csproj", "{440B6155-63DD-4853-9ADB-18D18BAB3EBD}"
EndProject
Project("{FAE04EC0-301F-11D3-BF4B-00C04F79EFBC}") = "XGame.AppConsole", "XGame.AppConsole\XGame.AppConsole.csproj", "{6A12681F-5BE5-4520-B139-3660F027BC3B}"
EndProject
Global
	GlobalSection(SolutionConfigurationPlatforms) = preSolution
		Debug|Any CPU = Debug|Any CPU
		Release|Any CPU = Release|Any CPU
	EndGlobalSection
	GlobalSection(ProjectConfigurationPlatforms) = postSolution
		{440B6155-63DD-4853-9ADB-18D18BAB3EBD}.Debug|Any CPU.ActiveCfg = Debug|Any CPU
		{440B6155-63DD-4853-9ADB-18D18BAB3EBD}.Debug|Any CPU.Build.0 = Debug|Any CPU
		{440B6155-63DD-4853-9ADB-18D18BAB3EBD}.Release|Any CPU.ActiveCfg = Release|Any CPU
		{440B6155-63DD-4853-9ADB-18D18BAB3EBD}.Release|Any CPU.Build.0 = Release|Any CPU
		{6A12681F-5BE5-4520-B139-3660F027BC3B}.Debug|Any CPU.ActiveCfg = Debug|Any CPU
		{6A12681F-5BE5-4520-B139-3660F027BC3B}.Debug|Any CPU.Build.0 = Debug|Any CPU
		{6A12681F-5BE5-4520-B139-3660F027BC3B}.Release|Any CPU.ActiveCfg = Release|Any CPU
		{6A12681F-5BE5-4520-B139-3660F027BC3B}.Release|Any CPU.Build.0 = Release|Any CPU
	EndGlobalSection
	GlobalSection(SolutionProperties) = preSolution
		HideSolutionNode = FALSE
	EndGlobalSection
	GlobalSection(ExtensibilityGlobals) = postSolution
		SolutionGuid = {A384D644-EB77-4A7E-8915-D92791AE8DE9}
	EndGlobalSection
EndGlobal
